
Microsoft Visual Studio Solution File, Format Version 12.00
# Visual Studio Version 16
VisualStudioVersion = 16.0.31515.178
MinimumVisualStudioVersion = 10.0.40219.1
Project("{2150E333-8FDC-42A3-9474-1A3956D46DE8}") = "Core", "Core", "{0E47498E-3D20-48EB-89FA-BFD50DB9AFF7}"
EndProject
Project("{2150E333-8FDC-42A3-9474-1A3956D46DE8}") = "Infrastructure", "Infrastructure", "{D7B0479F-F3E2-4D50-8455-824952D065AF}"
EndProject
Project("{2150E333-8FDC-42A3-9474-1A3956D46DE8}") = "Presentations", "Presentations", "{A9E87149-DB89-4CEA-BB2A-8F30DACB9303}"
EndProject
Project("{FAE04EC0-301F-11D3-BF4B-00C04F79EFBC}") = "MTGManager.Application", "MTGManager.Application\MTGManager.Application.csproj", "{3D4657D0-8803-4559-99A4-F07FC862BD71}"
EndProject
Project("{FAE04EC0-301F-11D3-BF4B-00C04F79EFBC}") = "MTGManager.Domain", "MTGManager.Domain\MTGManager.Domain.csproj", "{018681EF-5DB1-42DF-8EE9-4CDDC915FE0A}"
EndProject
Project("{FAE04EC0-301F-11D3-BF4B-00C04F79EFBC}") = "MTGManager.Infrastructure", "MTGManager.Infrastructurer\MTGManager.Infrastructure.csproj", "{8797D3F0-46F2-4E3F-9AA8-64A2F64F433B}"
EndProject
Project("{FAE04EC0-301F-11D3-BF4B-00C04F79EFBC}") = "MTGManageWebClient", "MTGManageWebClient\MTGManageWebClient.csproj", "{19154AE1-3FEA-4533-B2D3-AF2DE75C6934}"
EndProject
Global
	GlobalSection(SolutionConfigurationPlatforms) = preSolution
		Debug|Any CPU = Debug|Any CPU
		Release|Any CPU = Release|Any CPU
	EndGlobalSection
	GlobalSection(ProjectConfigurationPlatforms) = postSolution
		{3D4657D0-8803-4559-99A4-F07FC862BD71}.Debug|Any CPU.ActiveCfg = Debug|Any CPU
		{3D4657D0-8803-4559-99A4-F07FC862BD71}.Debug|Any CPU.Build.0 = Debug|Any CPU
		{3D4657D0-8803-4559-99A4-F07FC862BD71}.Release|Any CPU.ActiveCfg = Release|Any CPU
		{3D4657D0-8803-4559-99A4-F07FC862BD71}.Release|Any CPU.Build.0 = Release|Any CPU
		{018681EF-5DB1-42DF-8EE9-4CDDC915FE0A}.Debug|Any CPU.ActiveCfg = Debug|Any CPU
		{018681EF-5DB1-42DF-8EE9-4CDDC915FE0A}.Debug|Any CPU.Build.0 = Debug|Any CPU
		{018681EF-5DB1-42DF-8EE9-4CDDC915FE0A}.Release|Any CPU.ActiveCfg = Release|Any CPU
		{018681EF-5DB1-42DF-8EE9-4CDDC915FE0A}.Release|Any CPU.Build.0 = Release|Any CPU
		{8797D3F0-46F2-4E3F-9AA8-64A2F64F433B}.Debug|Any CPU.ActiveCfg = Debug|Any CPU
		{8797D3F0-46F2-4E3F-9AA8-64A2F64F433B}.Debug|Any CPU.Build.0 = Debug|Any CPU
		{8797D3F0-46F2-4E3F-9AA8-64A2F64F433B}.Release|Any CPU.ActiveCfg = Release|Any CPU
		{8797D3F0-46F2-4E3F-9AA8-64A2F64F433B}.Release|Any CPU.Build.0 = Release|Any CPU
		{19154AE1-3FEA-4533-B2D3-AF2DE75C6934}.Debug|Any CPU.ActiveCfg = Debug|Any CPU
		{19154AE1-3FEA-4533-B2D3-AF2DE75C6934}.Debug|Any CPU.Build.0 = Debug|Any CPU
		{19154AE1-3FEA-4533-B2D3-AF2DE75C6934}.Release|Any CPU.ActiveCfg = Release|Any CPU
		{19154AE1-3FEA-4533-B2D3-AF2DE75C6934}.Release|Any CPU.Build.0 = Release|Any CPU
	EndGlobalSection
	GlobalSection(SolutionProperties) = preSolution
		HideSolutionNode = FALSE
	EndGlobalSection
	GlobalSection(NestedProjects) = preSolution
		{3D4657D0-8803-4559-99A4-F07FC862BD71} = {0E47498E-3D20-48EB-89FA-BFD50DB9AFF7}
		{018681EF-5DB1-42DF-8EE9-4CDDC915FE0A} = {0E47498E-3D20-48EB-89FA-BFD50DB9AFF7}
		{8797D3F0-46F2-4E3F-9AA8-64A2F64F433B} = {D7B0479F-F3E2-4D50-8455-824952D065AF}
		{19154AE1-3FEA-4533-B2D3-AF2DE75C6934} = {A9E87149-DB89-4CEA-BB2A-8F30DACB9303}
	EndGlobalSection
	GlobalSection(ExtensibilityGlobals) = postSolution
		SolutionGuid = {2D0645C1-3DEA-4826-9A00-42A5D0046442}
	EndGlobalSection
EndGlobal
